{
  "name": "ngx-gundb",
  "version": "0.0.1",
  "lockfileVersion": 1,
  "requires": true,
  "dependencies": {
    "@types/gun": {
      "version": "0.9.3",
      "resolved": "https://registry.npmjs.org/@types/gun/-/gun-0.9.3.tgz",
      "integrity": "sha512-ydC8P4EHbVUqSK4+BhVQW1b4DCksLVKdnLJENJYuiBQDvk2UfA79vTcKxG7hnpyHPas/7yT6pMviMSDp5m7rmg==",
      "dev": true
    }
  }
}
